<?xml version="1.0" encoding="utf-8"?>
<Project ToolsVersion="4.0" xmlns="http://schemas.microsoft.com/developer/msbuild/2003">
  <ItemGroup>
    <Filter Include="Source Files">
      <UniqueIdentifier>{4FC737F1-C7A5-4376-A066-2A32D752A2FF}</UniqueIdentifier>
      <Extensions>cpp;c;cc;cxx;c++;cppm;ixx;def;odl;idl;hpj;bat;asm;asmx</Extensions>
    </Filter>
    <Filter Include="Header Files">
      <UniqueIdentifier>{93995380-89BD-4b04-88EB-625FBE52EBFB}</UniqueIdentifier>
      <Extensions>h;hh;hpp;hxx;h++;hm;inl;inc;ipp;xsd</Extensions>
    </Filter>
    <Filter Include="Resource Files">
      <UniqueIdentifier>{67DA6AB6-F800-4c08-8B7A-83BB121AAD01}</UniqueIdentifier>
      <Extensions>rc;ico;cur;bmp;dlg;rc2;rct;bin;rgs;gif;jpg;jpeg;jpe;resx;tiff;tif;png;wav;mfcribbon-ms</Extensions>
    </Filter>
    <Filter Include="Logika">
      <UniqueIdentifier>{79eb91ea-e32e-4dd5-a171-6c01e141174f}</UniqueIdentifier>
    </Filter>
    <Filter Include="Konsola">
      <UniqueIdentifier>{e1d8776e-29dd-4e18-9b44-eb6a1b47b04c}</UniqueIdentifier>
    </Filter>
  </ItemGroup>
  <ItemGroup>
    <ClCompile Include="Logika\Board.cpp">
      <Filter>Logika</Filter>
    </ClCompile>
    <ClCompile Include="Logika\Cell.cpp">
      <Filter>Logika</Filter>
    </ClCompile>
    <ClCompile Include="Game.cpp">
      <Filter>Source Files</Filter>
    </ClCompile>
    <ClCompile Include="main.cpp">
      <Filter>Source Files</Filter>
    </ClCompile>
    <ClCompile Include="MyFrame.cpp">
      <Filter>Source Files</Filter>
    </ClCompile>
    <ClCompile Include="CustomLevelDialog.cpp">
      <Filter>Source Files</Filter>
    </ClCompile>
    <ClCompile Include="Konsola\ConsoleGame.cpp">
      <Filter>Konsola</Filter>
    </ClCompile>
    <ClCompile Include="Konsola\ConsoleMenu.cpp">
      <Filter>Konsola</Filter>
    </ClCompile>
    <ClCompile Include="Konsola\Alfabet.cpp">
      <Filter>Konsola</Filter>
    </ClCompile>
    <ClCompile Include="Konsola\ConsoleApp.cpp">
      <Filter>Konsola</Filter>
    </ClCompile>
  </ItemGroup>
  <ItemGroup>
    <ClInclude Include="Logika\Board.hpp">
      <Filter>Logika</Filter>
    </ClInclude>
    <ClInclude Include="Logika\Cell.hpp">
      <Filter>Logika</Filter>
    </ClInclude>
    <ClInclude Include="Game.hpp">
      <Filter>Header Files</Filter>
    </ClInclude>
    <ClInclude Include="MyFrame.hpp">
      <Filter>Header Files</Filter>
    </ClInclude>
    <ClInclude Include="CustomLevelDialog.hpp">
      <Filter>Header Files</Filter>
    </ClInclude>
    <ClInclude Include="Konsola\ConsoleMenu.hpp">
      <Filter>Konsola</Filter>
    </ClInclude>
    <ClInclude Include="Konsola\ConsoleGame.hpp">
      <Filter>Konsola</Filter>
    </ClInclude>
    <ClInclude Include="Konsola\Alfabet.hpp">
      <Filter>Konsola</Filter>
    </ClInclude>
    <ClInclude Include="Konsola\ConsoleApp.hpp">
      <Filter>Konsola</Filter>
    </ClInclude>
  </ItemGroup>
</Project>